// !$*UTF8*$!
{
	archiveVersion = 1;
	classes = {
	};
	objectVersion = 56;
	objects = {

/* Begin PBXBuildFile section */
		AA26095929CC62BF00BA28A8 /* AppDelegate.swift in Sources */ = {isa = PBXBuildFile; fileRef = AA26095829CC62BF00BA28A8 /* AppDelegate.swift */; };
		AA26095B29CC62BF00BA28A8 /* SceneDelegate.swift in Sources */ = {isa = PBXBuildFile; fileRef = AA26095A29CC62BF00BA28A8 /* SceneDelegate.swift */; };
		AA26095D29CC62BF00BA28A8 /* ViewController.swift in Sources */ = {isa = PBXBuildFile; fileRef = AA26095C29CC62BF00BA28A8 /* ViewController.swift */; };
		AA26096229CC62C000BA28A8 /* Assets.xcassets in Resources */ = {isa = PBXBuildFile; fileRef = AA26096129CC62C000BA28A8 /* Assets.xcassets */; };
		AA26096E29CC67D000BA28A8 /* SnapKit in Frameworks */ = {isa = PBXBuildFile; productRef = AA26096D29CC67D000BA28A8 /* SnapKit */; };
		AA725C9E29E6F410001E9A28 /* CheckListView.swift in Sources */ = {isa = PBXBuildFile; fileRef = AA725C9D29E6F410001E9A28 /* CheckListView.swift */; };
		AA725CA129E6F5EB001E9A28 /* CheckListItem.swift in Sources */ = {isa = PBXBuildFile; fileRef = AA725CA029E6F5EB001E9A28 /* CheckListItem.swift */; };
		AA725CA329E6F843001E9A28 /* CheckListItemModel.swift in Sources */ = {isa = PBXBuildFile; fileRef = AA725CA229E6F843001E9A28 /* CheckListItemModel.swift */; };
		AA725CAC29E6FCCF001E9A28 /* CheckListViewModel.swift in Sources */ = {isa = PBXBuildFile; fileRef = AA725CAB29E6FCCF001E9A28 /* CheckListViewModel.swift */; };
		AAA5D6AB29D3157B00903880 /* NavigationCoordinator.swift in Sources */ = {isa = PBXBuildFile; fileRef = AAA5D6AA29D3157B00903880 /* NavigationCoordinator.swift */; };
		AAA5D6AE29D3186200903880 /* TestView.swift in Sources */ = {isa = PBXBuildFile; fileRef = AAA5D6AD29D3186200903880 /* TestView.swift */; };
		AAA5D6B029D318D800903880 /* DetailTestView.swift in Sources */ = {isa = PBXBuildFile; fileRef = AAA5D6AF29D318D800903880 /* DetailTestView.swift */; };
		AAF957B429E8538000CC92A6 /* TitleView.swift in Sources */ = {isa = PBXBuildFile; fileRef = AAF957B329E8538000CC92A6 /* TitleView.swift */; };
		AAF957B629E855E600CC92A6 /* CheckListEditView.swift in Sources */ = {isa = PBXBuildFile; fileRef = AAF957B529E855E600CC92A6 /* CheckListEditView.swift */; };
/* End PBXBuildFile section */

/* Begin PBXFileReference section */
		AA26095529CC62BF00BA28A8 /* Recurist.app */ = {isa = PBXFileReference; explicitFileType = wrapper.application; includeInIndex = 0; path = Recurist.app; sourceTree = BUILT_PRODUCTS_DIR; };
		AA26095829CC62BF00BA28A8 /* AppDelegate.swift */ = {isa = PBXFileReference; lastKnownFileType = sourcecode.swift; path = AppDelegate.swift; sourceTree = "<group>"; };
		AA26095A29CC62BF00BA28A8 /* SceneDelegate.swift */ = {isa = PBXFileReference; lastKnownFileType = sourcecode.swift; path = SceneDelegate.swift; sourceTree = "<group>"; };
		AA26095C29CC62BF00BA28A8 /* ViewController.swift */ = {isa = PBXFileReference; lastKnownFileType = sourcecode.swift; path = ViewController.swift; sourceTree = "<group>"; };
		AA26096129CC62C000BA28A8 /* Assets.xcassets */ = {isa = PBXFileReference; lastKnownFileType = folder.assetcatalog; path = Assets.xcassets; sourceTree = "<group>"; };
		AA26096629CC62C000BA28A8 /* Info.plist */ = {isa = PBXFileReference; lastKnownFileType = text.plist.xml; path = Info.plist; sourceTree = "<group>"; };
		AA725C9D29E6F410001E9A28 /* CheckListView.swift */ = {isa = PBXFileReference; lastKnownFileType = sourcecode.swift; path = CheckListView.swift; sourceTree = "<group>"; };
		AA725CA029E6F5EB001E9A28 /* CheckListItem.swift */ = {isa = PBXFileReference; lastKnownFileType = sourcecode.swift; path = CheckListItem.swift; sourceTree = "<group>"; };
		AA725CA229E6F843001E9A28 /* CheckListItemModel.swift */ = {isa = PBXFileReference; lastKnownFileType = sourcecode.swift; path = CheckListItemModel.swift; sourceTree = "<group>"; };
		AA725CAB29E6FCCF001E9A28 /* CheckListViewModel.swift */ = {isa = PBXFileReference; lastKnownFileType = sourcecode.swift; path = CheckListViewModel.swift; sourceTree = "<group>"; };
		AAA5D6AA29D3157B00903880 /* NavigationCoordinator.swift */ = {isa = PBXFileReference; lastKnownFileType = sourcecode.swift; path = NavigationCoordinator.swift; sourceTree = "<group>"; };
		AAA5D6AD29D3186200903880 /* TestView.swift */ = {isa = PBXFileReference; lastKnownFileType = sourcecode.swift; path = TestView.swift; sourceTree = "<group>"; };
		AAA5D6AF29D318D800903880 /* DetailTestView.swift */ = {isa = PBXFileReference; lastKnownFileType = sourcecode.swift; path = DetailTestView.swift; sourceTree = "<group>"; };
		AAF957B329E8538000CC92A6 /* TitleView.swift */ = {isa = PBXFileReference; lastKnownFileType = sourcecode.swift; path = TitleView.swift; sourceTree = "<group>"; };
		AAF957B529E855E600CC92A6 /* CheckListEditView.swift */ = {isa = PBXFileReference; lastKnownFileType = sourcecode.swift; path = CheckListEditView.swift; sourceTree = "<group>"; };
/* End PBXFileReference section */

/* Begin PBXFrameworksBuildPhase section */
		AA26095229CC62BF00BA28A8 /* Frameworks */ = {
			isa = PBXFrameworksBuildPhase;
			buildActionMask = 2147483647;
			files = (
				AA26096E29CC67D000BA28A8 /* SnapKit in Frameworks */,
			);
			runOnlyForDeploymentPostprocessing = 0;
		};
/* End PBXFrameworksBuildPhase section */

/* Begin PBXGroup section */
		AA26094C29CC62BF00BA28A8 = {
			isa = PBXGroup;
			children = (
				AA26095729CC62BF00BA28A8 /* Recurist */,
				AA26095629CC62BF00BA28A8 /* Products */,
			);
			sourceTree = "<group>";
		};
		AA26095629CC62BF00BA28A8 /* Products */ = {
			isa = PBXGroup;
			children = (
				AA26095529CC62BF00BA28A8 /* Recurist.app */,
			);
			name = Products;
			sourceTree = "<group>";
		};
		AA26095729CC62BF00BA28A8 /* Recurist */ = {
			isa = PBXGroup;
			children = (
				AA26096F29CC695400BA28A8 /* config */,
				AA26097029CC699200BA28A8 /* modules */,
				AA26097129CC699C00BA28A8 /* shared */,
			);
			path = Recurist;
			sourceTree = "<group>";
		};
		AA26096F29CC695400BA28A8 /* config */ = {
			isa = PBXGroup;
			children = (
				AA26095829CC62BF00BA28A8 /* AppDelegate.swift */,
				AA26095A29CC62BF00BA28A8 /* SceneDelegate.swift */,
				AA26096629CC62C000BA28A8 /* Info.plist */,
			);
			path = config;
			sourceTree = "<group>";
		};
		AA26097029CC699200BA28A8 /* modules */ = {
			isa = PBXGroup;
			children = (
				AA725C9C29E6F394001E9A28 /* CheckList */,
				AAA5D6AC29D3184E00903880 /* Test */,
				AAA5D6A929D3149200903880 /* navigation */,
			);
			path = modules;
			sourceTree = "<group>";
		};
		AA26097129CC699C00BA28A8 /* shared */ = {
			isa = PBXGroup;
			children = (
				AAF957B029E852BD00CC92A6 /* Views */,
				AA26096129CC62C000BA28A8 /* Assets.xcassets */,
			);
			path = shared;
			sourceTree = "<group>";
		};
		AA725C9C29E6F394001E9A28 /* CheckList */ = {
			isa = PBXGroup;
			children = (
				AA725CA629E6FB62001E9A28 /* MainList */,
				AA725CA729E6FB72001E9A28 /* Detail */,
				AA725CA829E6FB8C001E9A28 /* Edit */,
			);
			path = CheckList;
			sourceTree = "<group>";
		};
		AA725C9F29E6F5CA001E9A28 /* Views */ = {
			isa = PBXGroup;
			children = (
				AA725C9D29E6F410001E9A28 /* CheckListView.swift */,
				AA725CA029E6F5EB001E9A28 /* CheckListItem.swift */,
			);
			path = Views;
			sourceTree = "<group>";
		};
		AA725CA429E6F84C001E9A28 /* Models */ = {
			isa = PBXGroup;
			children = (
				AA725CA229E6F843001E9A28 /* CheckListItemModel.swift */,
			);
			path = Models;
			sourceTree = "<group>";
		};
		AA725CA529E6FB31001E9A28 /* ViewModel */ = {
			isa = PBXGroup;
			children = (
				AA725CAB29E6FCCF001E9A28 /* CheckListViewModel.swift */,
			);
			path = ViewModel;
			sourceTree = "<group>";
		};
		AA725CA629E6FB62001E9A28 /* MainList */ = {
			isa = PBXGroup;
			children = (
				AA725CA529E6FB31001E9A28 /* ViewModel */,
				AA725CA429E6F84C001E9A28 /* Models */,
				AA725C9F29E6F5CA001E9A28 /* Views */,
			);
			path = MainList;
			sourceTree = "<group>";
		};
		AA725CA729E6FB72001E9A28 /* Detail */ = {
			isa = PBXGroup;
			children = (
			);
			path = Detail;
			sourceTree = "<group>";
		};
		AA725CA829E6FB8C001E9A28 /* Edit */ = {
			isa = PBXGroup;
			children = (
				AAF957B529E855E600CC92A6 /* CheckListEditView.swift */,
			);
			path = Edit;
			sourceTree = "<group>";
		};
		AAA5D6A929D3149200903880 /* navigation */ = {
			isa = PBXGroup;
			children = (
				AAA5D6AA29D3157B00903880 /* NavigationCoordinator.swift */,
			);
			path = navigation;
			sourceTree = "<group>";
		};
		AAA5D6AC29D3184E00903880 /* Test */ = {
			isa = PBXGroup;
			children = (
				AA26095C29CC62BF00BA28A8 /* ViewController.swift */,
				AAA5D6AD29D3186200903880 /* TestView.swift */,
				AAA5D6AF29D318D800903880 /* DetailTestView.swift */,
			);
			path = Test;
			sourceTree = "<group>";
		};
		AAF957B029E852BD00CC92A6 /* Views */ = {
			isa = PBXGroup;
			children = (
				AAF957B329E8538000CC92A6 /* TitleView.swift */,
			);
			path = Views;
			sourceTree = "<group>";
		};
/* End PBXGroup section */

/* Begin PBXNativeTarget section */
		AA26095429CC62BF00BA28A8 /* Recurist */ = {
			isa = PBXNativeTarget;
			buildConfigurationList = AA26096929CC62C000BA28A8 /* Build configuration list for PBXNativeTarget "Recurist" */;
			buildPhases = (
				AA26095129CC62BF00BA28A8 /* Sources */,
				AA26095229CC62BF00BA28A8 /* Frameworks */,
				AA26095329CC62BF00BA28A8 /* Resources */,
			);
			buildRules = (
			);
			dependencies = (
			);
			name = Recurist;
			packageProductDependencies = (
				AA26096D29CC67D000BA28A8 /* SnapKit */,
			);
			productName = Recurist;
			productReference = AA26095529CC62BF00BA28A8 /* Recurist.app */;
			productType = "com.apple.product-type.application";
		};
/* End PBXNativeTarget section */

/* Begin PBXProject section */
		AA26094D29CC62BF00BA28A8 /* Project object */ = {
			isa = PBXProject;
			attributes = {
				BuildIndependentTargetsInParallel = 1;
				LastSwiftUpdateCheck = 1420;
				LastUpgradeCheck = 1420;
				TargetAttributes = {
					AA26095429CC62BF00BA28A8 = {
						CreatedOnToolsVersion = 14.2;
					};
				};
			};
			buildConfigurationList = AA26095029CC62BF00BA28A8 /* Build configuration list for PBXProject "Recurist" */;
			compatibilityVersion = "Xcode 14.0";
			developmentRegion = en;
			hasScannedForEncodings = 0;
			knownRegions = (
				en,
				Base,
			);
			mainGroup = AA26094C29CC62BF00BA28A8;
			packageReferences = (
				AA26096C29CC67D000BA28A8 /* XCRemoteSwiftPackageReference "SnapKit" */,
			);
			productRefGroup = AA26095629CC62BF00BA28A8 /* Products */;
			projectDirPath = "";
			projectRoot = "";
			targets = (
				AA26095429CC62BF00BA28A8 /* Recurist */,
			);
		};
/* End PBXProject section */

/* Begin PBXResourcesBuildPhase section */
		AA26095329CC62BF00BA28A8 /* Resources */ = {
			isa = PBXResourcesBuildPhase;
			buildActionMask = 2147483647;
			files = (
				AA26096229CC62C000BA28A8 /* Assets.xcassets in Resources */,
			);
			runOnlyForDeploymentPostprocessing = 0;
		};
/* End PBXResourcesBuildPhase section */

/* Begin PBXSourcesBuildPhase section */
		AA26095129CC62BF00BA28A8 /* Sources */ = {
			isa = PBXSourcesBuildPhase;
			buildActionMask = 2147483647;
			files = (
				AA26095D29CC62BF00BA28A8 /* ViewController.swift in Sources */,
				AAA5D6AE29D3186200903880 /* TestView.swift in Sources */,
				AA26095929CC62BF00BA28A8 /* AppDelegate.swift in Sources */,
				AA725C9E29E6F410001E9A28 /* CheckListView.swift in Sources */,
				AAA5D6AB29D3157B00903880 /* NavigationCoordinator.swift in Sources */,
				AA725CAC29E6FCCF001E9A28 /* CheckListViewModel.swift in Sources */,
				AA26095B29CC62BF00BA28A8 /* SceneDelegate.swift in Sources */,
				AAA5D6B029D318D800903880 /* DetailTestView.swift in Sources */,
				AAF957B429E8538000CC92A6 /* TitleView.swift in Sources */,
				AAF957B629E855E600CC92A6 /* CheckListEditView.swift in Sources */,
				AA725CA129E6F5EB001E9A28 /* CheckListItem.swift in Sources */,
				AA725CA329E6F843001E9A28 /* CheckListItemModel.swift in Sources */,
			);
			runOnlyForDeploymentPostprocessing = 0;
		};
/* End PBXSourcesBuildPhase section */

/* Begin XCBuildConfiguration section */
		AA26096729CC62C000BA28A8 /* Debug */ = {
			isa = XCBuildConfiguration;
			buildSettings = {
				ALWAYS_SEARCH_USER_PATHS = NO;
				CLANG_ANALYZER_NONNULL = YES;
				CLANG_ANALYZER_NUMBER_OBJECT_CONVERSION = YES_AGGRESSIVE;
				CLANG_CXX_LANGUAGE_STANDARD = "gnu++20";
				CLANG_ENABLE_MODULES = YES;
				CLANG_ENABLE_OBJC_ARC = YES;
				CLANG_ENABLE_OBJC_WEAK = YES;
				CLANG_WARN_BLOCK_CAPTURE_AUTORELEASING = YES;
				CLANG_WARN_BOOL_CONVERSION = YES;
				CLANG_WARN_COMMA = YES;
				CLANG_WARN_CONSTANT_CONVERSION = YES;
				CLANG_WARN_DEPRECATED_OBJC_IMPLEMENTATIONS = YES;
				CLANG_WARN_DIRECT_OBJC_ISA_USAGE = YES_ERROR;
				CLANG_WARN_DOCUMENTATION_COMMENTS = YES;
				CLANG_WARN_EMPTY_BODY = YES;
				CLANG_WARN_ENUM_CONVERSION = YES;
				CLANG_WARN_INFINITE_RECURSION = YES;
				CLANG_WARN_INT_CONVERSION = YES;
				CLANG_WARN_NON_LITERAL_NULL_CONVERSION = YES;
				CLANG_WARN_OBJC_IMPLICIT_RETAIN_SELF = YES;
				CLANG_WARN_OBJC_LITERAL_CONVERSION = YES;
				CLANG_WARN_OBJC_ROOT_CLASS = YES_ERROR;
				CLANG_WARN_QUOTED_INCLUDE_IN_FRAMEWORK_HEADER = YES;
				CLANG_WARN_RANGE_LOOP_ANALYSIS = YES;
				CLANG_WARN_STRICT_PROTOTYPES = YES;
				CLANG_WARN_SUSPICIOUS_MOVE = YES;
				CLANG_WARN_UNGUARDED_AVAILABILITY = YES_AGGRESSIVE;
				CLANG_WARN_UNREACHABLE_CODE = YES;
				CLANG_WARN__DUPLICATE_METHOD_MATCH = YES;
				COPY_PHASE_STRIP = NO;
				DEBUG_INFORMATION_FORMAT = dwarf;
				ENABLE_STRICT_OBJC_MSGSEND = YES;
				ENABLE_TESTABILITY = YES;
				GCC_C_LANGUAGE_STANDARD = gnu11;
				GCC_DYNAMIC_NO_PIC = NO;
				GCC_NO_COMMON_BLOCKS = YES;
				GCC_OPTIMIZATION_LEVEL = 0;
				GCC_PREPROCESSOR_DEFINITIONS = (
					"DEBUG=1",
					"$(inherited)",
				);
				GCC_WARN_64_TO_32_BIT_CONVERSION = YES;
				GCC_WARN_ABOUT_RETURN_TYPE = YES_ERROR;
				GCC_WARN_UNDECLARED_SELECTOR = YES;
				GCC_WARN_UNINITIALIZED_AUTOS = YES_AGGRESSIVE;
				GCC_WARN_UNUSED_FUNCTION = YES;
				GCC_WARN_UNUSED_VARIABLE = YES;
				IPHONEOS_DEPLOYMENT_TARGET = 16.2;
				MTL_ENABLE_DEBUG_INFO = INCLUDE_SOURCE;
				MTL_FAST_MATH = YES;
				ONLY_ACTIVE_ARCH = YES;
				SDKROOT = iphoneos;
				SWIFT_ACTIVE_COMPILATION_CONDITIONS = DEBUG;
				SWIFT_OPTIMIZATION_LEVEL = "-Onone";
			};
			name = Debug;
		};
		AA26096829CC62C000BA28A8 /* Release */ = {
			isa = XCBuildConfiguration;
			buildSettings = {
				ALWAYS_SEARCH_USER_PATHS = NO;
				CLANG_ANALYZER_NONNULL = YES;
				CLANG_ANALYZER_NUMBER_OBJECT_CONVERSION = YES_AGGRESSIVE;
				CLANG_CXX_LANGUAGE_STANDARD = "gnu++20";
				CLANG_ENABLE_MODULES = YES;
				CLANG_ENABLE_OBJC_ARC = YES;
				CLANG_ENABLE_OBJC_WEAK = YES;
				CLANG_WARN_BLOCK_CAPTURE_AUTORELEASING = YES;
				CLANG_WARN_BOOL_CONVERSION = YES;
				CLANG_WARN_COMMA = YES;
				CLANG_WARN_CONSTANT_CONVERSION = YES;
				CLANG_WARN_DEPRECATED_OBJC_IMPLEMENTATIONS = YES;
				CLANG_WARN_DIRECT_OBJC_ISA_USAGE = YES_ERROR;
				CLANG_WARN_DOCUMENTATION_COMMENTS = YES;
				CLANG_WARN_EMPTY_BODY = YES;
				CLANG_WARN_ENUM_CONVERSION = YES;
				CLANG_WARN_INFINITE_RECURSION = YES;
				CLANG_WARN_INT_CONVERSION = YES;
				CLANG_WARN_NON_LITERAL_NULL_CONVERSION = YES;
				CLANG_WARN_OBJC_IMPLICIT_RETAIN_SELF = YES;
				CLANG_WARN_OBJC_LITERAL_CONVERSION = YES;
				CLANG_WARN_OBJC_ROOT_CLASS = YES_ERROR;
				CLANG_WARN_QUOTED_INCLUDE_IN_FRAMEWORK_HEADER = YES;
				CLANG_WARN_RANGE_LOOP_ANALYSIS = YES;
				CLANG_WARN_STRICT_PROTOTYPES = YES;
				CLANG_WARN_SUSPICIOUS_MOVE = YES;
				CLANG_WARN_UNGUARDED_AVAILABILITY = YES_AGGRESSIVE;
				CLANG_WARN_UNREACHABLE_CODE = YES;
				CLANG_WARN__DUPLICATE_METHOD_MATCH = YES;
				COPY_PHASE_STRIP = NO;
				DEBUG_INFORMATION_FORMAT = "dwarf-with-dsym";
				ENABLE_NS_ASSERTIONS = NO;
				ENABLE_STRICT_OBJC_MSGSEND = YES;
				GCC_C_LANGUAGE_STANDARD = gnu11;
				GCC_NO_COMMON_BLOCKS = YES;
				GCC_WARN_64_TO_32_BIT_CONVERSION = YES;
				GCC_WARN_ABOUT_RETURN_TYPE = YES_ERROR;
				GCC_WARN_UNDECLARED_SELECTOR = YES;
				GCC_WARN_UNINITIALIZED_AUTOS = YES_AGGRESSIVE;
				GCC_WARN_UNUSED_FUNCTION = YES;
				GCC_WARN_UNUSED_VARIABLE = YES;
				IPHONEOS_DEPLOYMENT_TARGET = 16.2;
				MTL_ENABLE_DEBUG_INFO = NO;
				MTL_FAST_MATH = YES;
				SDKROOT = iphoneos;
				SWIFT_COMPILATION_MODE = wholemodule;
				SWIFT_OPTIMIZATION_LEVEL = "-O";
				VALIDATE_PRODUCT = YES;
			};
			name = Release;
		};
		AA26096A29CC62C000BA28A8 /* Debug */ = {
			isa = XCBuildConfiguration;
			buildSettings = {
				ASSETCATALOG_COMPILER_APPICON_NAME = AppIcon;
				ASSETCATALOG_COMPILER_GLOBAL_ACCENT_COLOR_NAME = AccentColor;
				CODE_SIGN_STYLE = Automatic;
				CURRENT_PROJECT_VERSION = 1;
				DEVELOPMENT_TEAM = GA5QK7SQDU;
				GENERATE_INFOPLIST_FILE = YES;
				INFOPLIST_FILE = Recurist/config/Info.plist;
				INFOPLIST_KEY_UIApplicationSupportsIndirectInputEvents = YES;
				INFOPLIST_KEY_UILaunchStoryboardName = LaunchScreen;
				INFOPLIST_KEY_UISupportedInterfaceOrientations_iPad = "UIInterfaceOrientationPortrait UIInterfaceOrientationPortraitUpsideDown UIInterfaceOrientationLandscapeLeft UIInterfaceOrientationLandscapeRight";
				INFOPLIST_KEY_UISupportedInterfaceOrientations_iPhone = "UIInterfaceOrientationPortrait UIInterfaceOrientationLandscapeLeft UIInterfaceOrientationLandscapeRight";
				LD_RUNPATH_SEARCH_PATHS = (
					"$(inherited)",
					"@executable_path/Frameworks",
				);
				MARKETING_VERSION = 1.0;
				PRODUCT_BUNDLE_IDENTIFIER = MDGladkov.Recurist;
				PRODUCT_NAME = "$(TARGET_NAME)";
				SWIFT_EMIT_LOC_STRINGS = YES;
				SWIFT_VERSION = 5.0;
				TARGETED_DEVICE_FAMILY = "1,2";
			};
			name = Debug;
		};
		AA26096B29CC62C000BA28A8 /* Release */ = {
			isa = XCBuildConfiguration;
			buildSettings = {
				ASSETCATALOG_COMPILER_APPICON_NAME = AppIcon;
				ASSETCATALOG_COMPILER_GLOBAL_ACCENT_COLOR_NAME = AccentColor;
				CODE_SIGN_STYLE = Automatic;
				CURRENT_PROJECT_VERSION = 1;
				DEVELOPMENT_TEAM = GA5QK7SQDU;
				GENERATE_INFOPLIST_FILE = YES;
				INFOPLIST_FILE = Recurist/config/Info.plist;
				INFOPLIST_KEY_UIApplicationSupportsIndirectInputEvents = YES;
				INFOPLIST_KEY_UILaunchStoryboardName = LaunchScreen;
				INFOPLIST_KEY_UISupportedInterfaceOrientations_iPad = "UIInterfaceOrientationPortrait UIInterfaceOrientationPortraitUpsideDown UIInterfaceOrientationLandscapeLeft UIInterfaceOrientationLandscapeRight";
				INFOPLIST_KEY_UISupportedInterfaceOrientations_iPhone = "UIInterfaceOrientationPortrait UIInterfaceOrientationLandscapeLeft UIInterfaceOrientationLandscapeRight";
				LD_RUNPATH_SEARCH_PATHS = (
					"$(inherited)",
					"@executable_path/Frameworks",
				);
				MARKETING_VERSION = 1.0;
				PRODUCT_BUNDLE_IDENTIFIER = MDGladkov.Recurist;
				PRODUCT_NAME = "$(TARGET_NAME)";
				SWIFT_EMIT_LOC_STRINGS = YES;
				SWIFT_VERSION = 5.0;
				TARGETED_DEVICE_FAMILY = "1,2";
			};
			name = Release;
		};
/* End XCBuildConfiguration section */

/* Begin XCConfigurationList section */
		AA26095029CC62BF00BA28A8 /* Build configuration list for PBXProject "Recurist" */ = {
			isa = XCConfigurationList;
			buildConfigurations = (
				AA26096729CC62C000BA28A8 /* Debug */,
				AA26096829CC62C000BA28A8 /* Release */,
			);
			defaultConfigurationIsVisible = 0;
			defaultConfigurationName = Release;
		};
		AA26096929CC62C000BA28A8 /* Build configuration list for PBXNativeTarget "Recurist" */ = {
			isa = XCConfigurationList;
			buildConfigurations = (
				AA26096A29CC62C000BA28A8 /* Debug */,
				AA26096B29CC62C000BA28A8 /* Release */,
			);
			defaultConfigurationIsVisible = 0;
			defaultConfigurationName = Release;
		};
/* End XCConfigurationList section */

/* Begin XCRemoteSwiftPackageReference section */
		AA26096C29CC67D000BA28A8 /* XCRemoteSwiftPackageReference "SnapKit" */ = {
			isa = XCRemoteSwiftPackageReference;
			repositoryURL = "https://github.com/SnapKit/SnapKit.git";
			requirement = {
				branch = develop;
				kind = branch;
			};
		};
/* End XCRemoteSwiftPackageReference section */

/* Begin XCSwiftPackageProductDependency section */
		AA26096D29CC67D000BA28A8 /* SnapKit */ = {
			isa = XCSwiftPackageProductDependency;
			package = AA26096C29CC67D000BA28A8 /* XCRemoteSwiftPackageReference "SnapKit" */;
			productName = SnapKit;
		};
/* End XCSwiftPackageProductDependency section */
	};
	rootObject = AA26094D29CC62BF00BA28A8 /* Project object */;
}
